
Microsoft Visual Studio Solution File, Format Version 12.00
# Visual Studio Version 17
VisualStudioVersion = 17.2.32519.379
MinimumVisualStudioVersion = 10.0.40219.1
Project("{2150E333-8FDC-42A3-9474-1A3956D46DE8}") = "main", "main", "{D0B3D3F1-1135-45A6-9179-C9A492C05AAC}"
EndProject
Project("{2150E333-8FDC-42A3-9474-1A3956D46DE8}") = "deployables", "deployables", "{FD378EC3-DEB6-4464-8EEB-AD0DCD3033F1}"
EndProject
Project("{2150E333-8FDC-42A3-9474-1A3956D46DE8}") = "boundaries", "boundaries", "{C2B02888-630E-40E9-831D-0F805115232B}"
EndProject
Project("{9A19103F-16F7-4668-BE54-9A1E7A4F7556}") = "ChatBot.Persistence", "main\boundaries\ChatBot.Persistence\ChatBot.Persistence.csproj", "{B500BA15-5124-4AB3-8968-7C5453015492}"
EndProject
Project("{9A19103F-16F7-4668-BE54-9A1E7A4F7556}") = "ChatBot.API", "main\deployables\ChatBot.API\ChatBot.API.csproj", "{2ACDA716-845C-4804-9271-643B154D9F1D}"
EndProject
Project("{9A19103F-16F7-4668-BE54-9A1E7A4F7556}") = "ChatBot.Core", "main\ChatBot.Core\ChatBot.Core.csproj", "{4D4E965D-C6E0-4C11-B600-33F37B8D8255}"
EndProject
Project("{9A19103F-16F7-4668-BE54-9A1E7A4F7556}") = "RabbitMqMessageHandler", "main\boundaries\RabbitMqMessageHandler\RabbitMqMessageHandler.csproj", "{965BAD0A-D6FF-461C-95DE-0A68579439C4}"
EndProject
Project("{9A19103F-16F7-4668-BE54-9A1E7A4F7556}") = "ChatBot.BotRunner", "main\deployables\ChatBot.BotRunner\ChatBot.BotRunner.csproj", "{825E096D-FB48-4E23-900E-5F437B277208}"
EndProject
Project("{FAE04EC0-301F-11D3-BF4B-00C04F79EFBC}") = "ChatBot.Commands", "main\boundaries\ChatBot.Commands\ChatBot.Commands.csproj", "{F7833B8B-8B66-420D-9977-2663DD2A9E5F}"
EndProject
Global
	GlobalSection(SolutionConfigurationPlatforms) = preSolution
		Debug|Any CPU = Debug|Any CPU
		Release|Any CPU = Release|Any CPU
	EndGlobalSection
	GlobalSection(ProjectConfigurationPlatforms) = postSolution
		{B500BA15-5124-4AB3-8968-7C5453015492}.Debug|Any CPU.ActiveCfg = Debug|Any CPU
		{B500BA15-5124-4AB3-8968-7C5453015492}.Debug|Any CPU.Build.0 = Debug|Any CPU
		{B500BA15-5124-4AB3-8968-7C5453015492}.Release|Any CPU.ActiveCfg = Release|Any CPU
		{B500BA15-5124-4AB3-8968-7C5453015492}.Release|Any CPU.Build.0 = Release|Any CPU
		{2ACDA716-845C-4804-9271-643B154D9F1D}.Debug|Any CPU.ActiveCfg = Debug|Any CPU
		{2ACDA716-845C-4804-9271-643B154D9F1D}.Debug|Any CPU.Build.0 = Debug|Any CPU
		{2ACDA716-845C-4804-9271-643B154D9F1D}.Release|Any CPU.ActiveCfg = Release|Any CPU
		{2ACDA716-845C-4804-9271-643B154D9F1D}.Release|Any CPU.Build.0 = Release|Any CPU
		{4D4E965D-C6E0-4C11-B600-33F37B8D8255}.Debug|Any CPU.ActiveCfg = Debug|Any CPU
		{4D4E965D-C6E0-4C11-B600-33F37B8D8255}.Debug|Any CPU.Build.0 = Debug|Any CPU
		{4D4E965D-C6E0-4C11-B600-33F37B8D8255}.Release|Any CPU.ActiveCfg = Release|Any CPU
		{4D4E965D-C6E0-4C11-B600-33F37B8D8255}.Release|Any CPU.Build.0 = Release|Any CPU
		{965BAD0A-D6FF-461C-95DE-0A68579439C4}.Debug|Any CPU.ActiveCfg = Debug|Any CPU
		{965BAD0A-D6FF-461C-95DE-0A68579439C4}.Debug|Any CPU.Build.0 = Debug|Any CPU
		{965BAD0A-D6FF-461C-95DE-0A68579439C4}.Release|Any CPU.ActiveCfg = Release|Any CPU
		{965BAD0A-D6FF-461C-95DE-0A68579439C4}.Release|Any CPU.Build.0 = Release|Any CPU
		{825E096D-FB48-4E23-900E-5F437B277208}.Debug|Any CPU.ActiveCfg = Debug|Any CPU
		{825E096D-FB48-4E23-900E-5F437B277208}.Debug|Any CPU.Build.0 = Debug|Any CPU
		{825E096D-FB48-4E23-900E-5F437B277208}.Release|Any CPU.ActiveCfg = Release|Any CPU
		{825E096D-FB48-4E23-900E-5F437B277208}.Release|Any CPU.Build.0 = Release|Any CPU
		{F7833B8B-8B66-420D-9977-2663DD2A9E5F}.Debug|Any CPU.ActiveCfg = Debug|Any CPU
		{F7833B8B-8B66-420D-9977-2663DD2A9E5F}.Debug|Any CPU.Build.0 = Debug|Any CPU
		{F7833B8B-8B66-420D-9977-2663DD2A9E5F}.Release|Any CPU.ActiveCfg = Release|Any CPU
		{F7833B8B-8B66-420D-9977-2663DD2A9E5F}.Release|Any CPU.Build.0 = Release|Any CPU
	EndGlobalSection
	GlobalSection(SolutionProperties) = preSolution
		HideSolutionNode = FALSE
	EndGlobalSection
	GlobalSection(NestedProjects) = preSolution
		{FD378EC3-DEB6-4464-8EEB-AD0DCD3033F1} = {D0B3D3F1-1135-45A6-9179-C9A492C05AAC}
		{C2B02888-630E-40E9-831D-0F805115232B} = {D0B3D3F1-1135-45A6-9179-C9A492C05AAC}
		{B500BA15-5124-4AB3-8968-7C5453015492} = {C2B02888-630E-40E9-831D-0F805115232B}
		{2ACDA716-845C-4804-9271-643B154D9F1D} = {FD378EC3-DEB6-4464-8EEB-AD0DCD3033F1}
		{4D4E965D-C6E0-4C11-B600-33F37B8D8255} = {D0B3D3F1-1135-45A6-9179-C9A492C05AAC}
		{965BAD0A-D6FF-461C-95DE-0A68579439C4} = {C2B02888-630E-40E9-831D-0F805115232B}
		{825E096D-FB48-4E23-900E-5F437B277208} = {FD378EC3-DEB6-4464-8EEB-AD0DCD3033F1}
		{F7833B8B-8B66-420D-9977-2663DD2A9E5F} = {C2B02888-630E-40E9-831D-0F805115232B}
	EndGlobalSection
	GlobalSection(ExtensibilityGlobals) = postSolution
		SolutionGuid = {07D30366-96EE-482B-A9B7-B8E4567632F8}
	EndGlobalSection
EndGlobal
